
Microsoft Visual Studio Solution File, Format Version 12.00
# Visual Studio Version 17
VisualStudioVersion = 17.14.37027.9 d17.14
MinimumVisualStudioVersion = 10.0.40219.1
Project("{FAE04EC0-301F-11D3-BF4B-00C04F79EFBC}") = "NovaLingua", "NovaLingua\NovaLingua.csproj", "{F8CCBD65-ACA9-49F1-A9AD-CAF080C2060C}"
EndProject
Project("{FAE04EC0-301F-11D3-BF4B-00C04F79EFBC}") = "NovaLingua.Lib", "NovaLingua.Lib\NovaLingua.Lib.csproj", "{A7790D5B-D4DE-421C-A956-4621B45003A2}"
EndProject
Global
	GlobalSection(SolutionConfigurationPlatforms) = preSolution
		Debug|Any CPU = Debug|Any CPU
		Release|Any CPU = Release|Any CPU
	EndGlobalSection
	GlobalSection(ProjectConfigurationPlatforms) = postSolution
		{F8CCBD65-ACA9-49F1-A9AD-CAF080C2060C}.Debug|Any CPU.ActiveCfg = Debug|Any CPU
		{F8CCBD65-ACA9-49F1-A9AD-CAF080C2060C}.Debug|Any CPU.Build.0 = Debug|Any CPU
		{F8CCBD65-ACA9-49F1-A9AD-CAF080C2060C}.Release|Any CPU.ActiveCfg = Release|Any CPU
		{F8CCBD65-ACA9-49F1-A9AD-CAF080C2060C}.Release|Any CPU.Build.0 = Release|Any CPU
		{A7790D5B-D4DE-421C-A956-4621B45003A2}.Debug|Any CPU.ActiveCfg = Debug|Any CPU
		{A7790D5B-D4DE-421C-A956-4621B45003A2}.Debug|Any CPU.Build.0 = Debug|Any CPU
		{A7790D5B-D4DE-421C-A956-4621B45003A2}.Release|Any CPU.ActiveCfg = Release|Any CPU
		{A7790D5B-D4DE-421C-A956-4621B45003A2}.Release|Any CPU.Build.0 = Release|Any CPU
	EndGlobalSection
	GlobalSection(SolutionProperties) = preSolution
		HideSolutionNode = FALSE
	EndGlobalSection
	GlobalSection(ExtensibilityGlobals) = postSolution
		SolutionGuid = {B4748A77-82EB-4F23-9A76-1BE48A911951}
	EndGlobalSection
EndGlobal
